// !$*UTF8*$!
{
	archiveVersion = 1;
	classes = {
	};
	objectVersion = 46;
	objects = {

/* Begin PBXBuildFile section */
		6CE4F9C61BDEFFF300CA0FEE /* AppDelegate.swift in Sources */ = {isa = PBXBuildFile; fileRef = 6CE4F9C51BDEFFF300CA0FEE /* AppDelegate.swift */; };
		6CE4F9C81BDEFFF300CA0FEE /* ViewController.swift in Sources */ = {isa = PBXBuildFile; fileRef = 6CE4F9C71BDEFFF300CA0FEE /* ViewController.swift */; };
		6CE4F9CB1BDEFFF300CA0FEE /* Main.storyboard in Resources */ = {isa = PBXBuildFile; fileRef = 6CE4F9C91BDEFFF300CA0FEE /* Main.storyboard */; };
		6CE4F9CD1BDEFFF300CA0FEE /* Assets.xcassets in Resources */ = {isa = PBXBuildFile; fileRef = 6CE4F9CC1BDEFFF300CA0FEE /* Assets.xcassets */; };
		6CE4F9D01BDEFFF300CA0FEE /* LaunchScreen.storyboard in Resources */ = {isa = PBXBuildFile; fileRef = 6CE4F9CE1BDEFFF300CA0FEE /* LaunchScreen.storyboard */; };
		6CE4F9D81BDF01B800CA0FEE /* Logo3.png in Resources */ = {isa = PBXBuildFile; fileRef = 6CE4F9D71BDF01B800CA0FEE /* Logo3.png */; settings = {ASSET_TAGS = (); }; };
/* End PBXBuildFile section */

/* Begin PBXFileReference section */
		6CE4F9C21BDEFFF300CA0FEE /* AutoLayoutResearch.app */ = {isa = PBXFileReference; explicitFileType = wrapper.application; includeInIndex = 0; path = AutoLayoutResearch.app; sourceTree = BUILT_PRODUCTS_DIR; };
		6CE4F9C51BDEFFF300CA0FEE /* AppDelegate.swift */ = {isa = PBXFileReference; lastKnownFileType = sourcecode.swift; path = AppDelegate.swift; sourceTree = "<group>"; };
		6CE4F9C71BDEFFF300CA0FEE /* ViewController.swift */ = {isa = PBXFileReference; lastKnownFileType = sourcecode.swift; path = ViewController.swift; sourceTree = "<group>"; };
		6CE4F9CA1BDEFFF300CA0FEE /* Base */ = {isa = PBXFileReference; lastKnownFileType = file.storyboard; name = Base; path = Base.lproj/Main.storyboard; sourceTree = "<group>"; };
		6CE4F9CC1BDEFFF300CA0FEE /* Assets.xcassets */ = {isa = PBXFileReference; lastKnownFileType = folder.assetcatalog; path = Assets.xcassets; sourceTree = "<group>"; };
		6CE4F9CF1BDEFFF300CA0FEE /* Base */ = {isa = PBXFileReference; lastKnownFileType = file.storyboard; name = Base; path = Base.lproj/LaunchScreen.storyboard; sourceTree = "<group>"; };
		6CE4F9D11BDEFFF300CA0FEE /* Info.plist */ = {isa = PBXFileReference; lastKnownFileType = text.plist.xml; path = Info.plist; sourceTree = "<group>"; };
		6CE4F9D71BDF01B800CA0FEE /* Logo3.png */ = {isa = PBXFileReference; lastKnownFileType = image.png; path = Logo3.png; sourceTree = "<group>"; };
/* End PBXFileReference section */

/* Begin PBXFrameworksBuildPhase section */
		6CE4F9BF1BDEFFF300CA0FEE /* Frameworks */ = {
			isa = PBXFrameworksBuildPhase;
			buildActionMask = 2147483647;
			files = (
			);
			runOnlyForDeploymentPostprocessing = 0;
		};
/* End PBXFrameworksBuildPhase section */

/* Begin PBXGroup section */
		6CE4F9B91BDEFFF300CA0FEE = {
			isa = PBXGroup;
			children = (
				6CE4F9C41BDEFFF300CA0FEE /* AutoLayoutResearch */,
				6CE4F9C31BDEFFF300CA0FEE /* Products */,
			);
			sourceTree = "<group>";
		};
		6CE4F9C31BDEFFF300CA0FEE /* Products */ = {
			isa = PBXGroup;
			children = (
				6CE4F9C21BDEFFF300CA0FEE /* AutoLayoutResearch.app */,
			);
			name = Products;
			sourceTree = "<group>";
		};
		6CE4F9C41BDEFFF300CA0FEE /* AutoLayoutResearch */ = {
			isa = PBXGroup;
			children = (
				6CE4F9D71BDF01B800CA0FEE /* Logo3.png */,
				6CE4F9C51BDEFFF300CA0FEE /* AppDelegate.swift */,
				6CE4F9C71BDEFFF300CA0FEE /* ViewController.swift */,
				6CE4F9C91BDEFFF300CA0FEE /* Main.storyboard */,
				6CE4F9CC1BDEFFF300CA0FEE /* Assets.xcassets */,
				6CE4F9CE1BDEFFF300CA0FEE /* LaunchScreen.storyboard */,
				6CE4F9D11BDEFFF300CA0FEE /* Info.plist */,
			);
			path = AutoLayoutResearch;
			sourceTree = "<group>";
		};
/* End PBXGroup section */

/* Begin PBXNativeTarget section */
		6CE4F9C11BDEFFF300CA0FEE /* AutoLayoutResearch */ = {
			isa = PBXNativeTarget;
			buildConfigurationList = 6CE4F9D41BDEFFF300CA0FEE /* Build configuration list for PBXNativeTarget "AutoLayoutResearch" */;
			buildPhases = (
				6CE4F9BE1BDEFFF300CA0FEE /* Sources */,
				6CE4F9BF1BDEFFF300CA0FEE /* Frameworks */,
				6CE4F9C01BDEFFF300CA0FEE /* Resources */,
			);
			buildRules = (
			);
			dependencies = (
			);
			name = AutoLayoutResearch;
			productName = AutoLayoutResearch;
			productReference = 6CE4F9C21BDEFFF300CA0FEE /* AutoLayoutResearch.app */;
			productType = "com.apple.product-type.application";
		};
/* End PBXNativeTarget section */

/* Begin PBXProject section */
		6CE4F9BA1BDEFFF300CA0FEE /* Project object */ = {
			isa = PBXProject;
			attributes = {
				LastUpgradeCheck = 0700;
				ORGANIZATIONNAME = QuocNguyen;
				TargetAttributes = {
					6CE4F9C11BDEFFF300CA0FEE = {
						CreatedOnToolsVersion = 7.0;
					};
				};
			};
			buildConfigurationList = 6CE4F9BD1BDEFFF300CA0FEE /* Build configuration list for PBXProject "AutoLayoutResearch" */;
			compatibilityVersion = "Xcode 3.2";
			developmentRegion = English;
			hasScannedForEncodings = 0;
			knownRegions = (
				en,
				Base,
			);
			mainGroup = 6CE4F9B91BDEFFF300CA0FEE;
			productRefGroup = 6CE4F9C31BDEFFF300CA0FEE /* Products */;
			projectDirPath = "";
			projectRoot = "";
			targets = (
				6CE4F9C11BDEFFF300CA0FEE /* AutoLayoutResearch */,
			);
		};
/* End PBXProject section */

/* Begin PBXResourcesBuildPhase section */
		6CE4F9C01BDEFFF300CA0FEE /* Resources */ = {
			isa = PBXResourcesBuildPhase;
			buildActionMask = 2147483647;
			files = (
				6CE4F9D81BDF01B800CA0FEE /* Logo3.png in Resources */,
				6CE4F9D01BDEFFF300CA0FEE /* LaunchScreen.storyboard in Resources */,
				6CE4F9CD1BDEFFF300CA0FEE /* Assets.xcassets in Resources */,
				6CE4F9CB1BDEFFF300CA0FEE /* Main.storyboard in Resources */,
			);
			runOnlyForDeploymentPostprocessing = 0;
		};
/* End PBXResourcesBuildPhase section */

/* Begin PBXSourcesBuildPhase section */
		6CE4F9BE1BDEFFF300CA0FEE /* Sources */ = {
			isa = PBXSourcesBuildPhase;
			buildActionMask = 2147483647;
			files = (
				6CE4F9C81BDEFFF300CA0FEE /* ViewController.swift in Sources */,
				6CE4F9C61BDEFFF300CA0FEE /* AppDelegate.swift in Sources */,
			);
			runOnlyForDeploymentPostprocessing = 0;
		};
/* End PBXSourcesBuildPhase section */

/* Begin PBXVariantGroup section */
		6CE4F9C91BDEFFF300CA0FEE /* Main.storyboard */ = {
			isa = PBXVariantGroup;
			children = (
				6CE4F9CA1BDEFFF300CA0FEE /* Base */,
			);
			name = Main.storyboard;
			sourceTree = "<group>";
		};
		6CE4F9CE1BDEFFF300CA0FEE /* LaunchScreen.storyboard */ = {
			isa = PBXVariantGroup;
			children = (
				6CE4F9CF1BDEFFF300CA0FEE /* Base */,
			);
			name = LaunchScreen.storyboard;
			sourceTree = "<group>";
		};
/* End PBXVariantGroup section */

/* Begin XCBuildConfiguration section */
		6CE4F9D21BDEFFF300CA0FEE /* Debug */ = {
			isa = XCBuildConfiguration;
			buildSettings = {
				ALWAYS_SEARCH_USER_PATHS = NO;
				CLANG_CXX_LANGUAGE_STANDARD = "gnu++0x";
				CLANG_CXX_LIBRARY = "libc++";
				CLANG_ENABLE_MODULES = YES;
				CLANG_ENABLE_OBJC_ARC = YES;
				CLANG_WARN_BOOL_CONVERSION = YES;
				CLANG_WARN_CONSTANT_CONVERSION = YES;
				CLANG_WARN_DIRECT_OBJC_ISA_USAGE = YES_ERROR;
				CLANG_WARN_EMPTY_BODY = YES;
				CLANG_WARN_ENUM_CONVERSION = YES;
				CLANG_WARN_INT_CONVERSION = YES;
				CLANG_WARN_OBJC_ROOT_CLASS = YES_ERROR;
				CLANG_WARN_UNREACHABLE_CODE = YES;
				CLANG_WARN__DUPLICATE_METHOD_MATCH = YES;
				"CODE_SIGN_IDENTITY[sdk=iphoneos*]" = "iPhone Developer";
				COPY_PHASE_STRIP = NO;
				DEBUG_INFORMATION_FORMAT = dwarf;
				ENABLE_STRICT_OBJC_MSGSEND = YES;
				ENABLE_TESTABILITY = YES;
				GCC_C_LANGUAGE_STANDARD = gnu99;
				GCC_DYNAMIC_NO_PIC = NO;
				GCC_NO_COMMON_BLOCKS = YES;
				GCC_OPTIMIZATION_LEVEL = 0;
				GCC_PREPROCESSOR_DEFINITIONS = (
					"DEBUG=1",
					"$(inherited)",
				);
				GCC_WARN_64_TO_32_BIT_CONVERSION = YES;
				GCC_WARN_ABOUT_RETURN_TYPE = YES_ERROR;
				GCC_WARN_UNDECLARED_SELECTOR = YES;
				GCC_WARN_UNINITIALIZED_AUTOS = YES_AGGRESSIVE;
				GCC_WARN_UNUSED_FUNCTION = YES;
				GCC_WARN_UNUSED_VARIABLE = YES;
				IPHONEOS_DEPLOYMENT_TARGET = 9.0;
				MTL_ENABLE_DEBUG_INFO = YES;
				ONLY_ACTIVE_ARCH = YES;
				SDKROOT = iphoneos;
				SWIFT_OPTIMIZATION_LEVEL = "-Onone";
			};
			name = Debug;
		};
		6CE4F9D31BDEFFF300CA0FEE /* Release */ = {
			isa = XCBuildConfiguration;
			buildSettings = {
				ALWAYS_SEARCH_USER_PATHS = NO;
				CLANG_CXX_LANGUAGE_STANDARD = "gnu++0x";
				CLANG_CXX_LIBRARY = "libc++";
				CLANG_ENABLE_MODULES = YES;
				CLANG_ENABLE_OBJC_ARC = YES;
				CLANG_WARN_BOOL_CONVERSION = YES;
				CLANG_WARN_CONSTANT_CONVERSION = YES;
				CLANG_WARN_DIRECT_OBJC_ISA_USAGE = YES_ERROR;
				CLANG_WARN_EMPTY_BODY = YES;
				CLANG_WARN_ENUM_CONVERSION = YES;
				CLANG_WARN_INT_CONVERSION = YES;
				CLANG_WARN_OBJC_ROOT_CLASS = YES_ERROR;
				CLANG_WARN_UNREACHABLE_CODE = YES;
				CLANG_WARN__DUPLICATE_METHOD_MATCH = YES;
				"CODE_SIGN_IDENTITY[sdk=iphoneos*]" = "iPhone Developer";
				COPY_PHASE_STRIP = NO;
				DEBUG_INFORMATION_FORMAT = "dwarf-with-dsym";
				ENABLE_NS_ASSERTIONS = NO;
				ENABLE_STRICT_OBJC_MSGSEND = YES;
				GCC_C_LANGUAGE_STANDARD = gnu99;
				GCC_NO_COMMON_BLOCKS = YES;
				GCC_WARN_64_TO_32_BIT_CONVERSION = YES;
				GCC_WARN_ABOUT_RETURN_TYPE = YES_ERROR;
				GCC_WARN_UNDECLARED_SELECTOR = YES;
				GCC_WARN_UNINITIALIZED_AUTOS = YES_AGGRESSIVE;
				GCC_WARN_UNUSED_FUNCTION = YES;
				GCC_WARN_UNUSED_VARIABLE = YES;
				IPHONEOS_DEPLOYMENT_TARGET = 9.0;
				MTL_ENABLE_DEBUG_INFO = NO;
				SDKROOT = iphoneos;
				VALIDATE_PRODUCT = YES;
			};
			name = Release;
		};
		6CE4F9D51BDEFFF300CA0FEE /* Debug */ = {
			isa = XCBuildConfiguration;
			buildSettings = {
				ASSETCATALOG_COMPILER_APPICON_NAME = AppIcon;
				INFOPLIST_FILE = AutoLayoutResearch/Info.plist;
				IPHONEOS_DEPLOYMENT_TARGET = 8.1;
				LD_RUNPATH_SEARCH_PATHS = "$(inherited) @executable_path/Frameworks";
				PRODUCT_BUNDLE_IDENTIFIER = com.quocnb.AutoLayoutResearch;
				PRODUCT_NAME = "$(TARGET_NAME)";
			};
			name = Debug;
		};
		6CE4F9D61BDEFFF300CA0FEE /* Release */ = {
			isa = XCBuildConfiguration;
			buildSettings = {
				ASSETCATALOG_COMPILER_APPICON_NAME = AppIcon;
				INFOPLIST_FILE = AutoLayoutResearch/Info.plist;
				IPHONEOS_DEPLOYMENT_TARGET = 8.1;
				LD_RUNPATH_SEARCH_PATHS = "$(inherited) @executable_path/Frameworks";
				PRODUCT_BUNDLE_IDENTIFIER = com.quocnb.AutoLayoutResearch;
				PRODUCT_NAME = "$(TARGET_NAME)";
			};
			name = Release;
		};
/* End XCBuildConfiguration section */

/* Begin XCConfigurationList section */
		6CE4F9BD1BDEFFF300CA0FEE /* Build configuration list for PBXProject "AutoLayoutResearch" */ = {
			isa = XCConfigurationList;
			buildConfigurations = (
				6CE4F9D21BDEFFF300CA0FEE /* Debug */,
				6CE4F9D31BDEFFF300CA0FEE /* Release */,
			);
			defaultConfigurationIsVisible = 0;
			defaultConfigurationName = Release;
		};
		6CE4F9D41BDEFFF300CA0FEE /* Build configuration list for PBXNativeTarget "AutoLayoutResearch" */ = {
			isa = XCConfigurationList;
			buildConfigurations = (
				6CE4F9D51BDEFFF300CA0FEE /* Debug */,
				6CE4F9D61BDEFFF300CA0FEE /* Release */,
			);
			defaultConfigurationIsVisible = 0;
		};
/* End XCConfigurationList section */
	};
	rootObject = 6CE4F9BA1BDEFFF300CA0FEE /* Project object */;
}
